
Microsoft Visual Studio Solution File, Format Version 12.00
# Visual Studio Version 17
VisualStudioVersion = 17.0.32112.339
MinimumVisualStudioVersion = 10.0.40219.1
Project("{9A19103F-16F7-4668-BE54-9A1E7A4F7556}") = "CursoMVC", "CursoMVC\CursoMVC.csproj", "{2B4DB4CD-7700-4963-878D-B8645AEBDF72}"
EndProject
Project("{FAE04EC0-301F-11D3-BF4B-00C04F79EFBC}") = "CursoAPI", "CursoAPI\CursoAPI.csproj", "{448B9D1E-8192-4543-B8D6-18611E451F59}"
EndProject
Project("{FAE04EC0-301F-11D3-BF4B-00C04F79EFBC}") = "CursoTeste", "CursoTeste\CursoTeste.csproj", "{753C03B3-6F5D-4A13-B813-0183A9468892}"
EndProject
Global
	GlobalSection(SolutionConfigurationPlatforms) = preSolution
		Debug|Any CPU = Debug|Any CPU
		Release|Any CPU = Release|Any CPU
	EndGlobalSection
	GlobalSection(ProjectConfigurationPlatforms) = postSolution
		{2B4DB4CD-7700-4963-878D-B8645AEBDF72}.Debug|Any CPU.ActiveCfg = Debug|Any CPU
		{2B4DB4CD-7700-4963-878D-B8645AEBDF72}.Debug|Any CPU.Build.0 = Debug|Any CPU
		{2B4DB4CD-7700-4963-878D-B8645AEBDF72}.Release|Any CPU.ActiveCfg = Release|Any CPU
		{2B4DB4CD-7700-4963-878D-B8645AEBDF72}.Release|Any CPU.Build.0 = Release|Any CPU
		{448B9D1E-8192-4543-B8D6-18611E451F59}.Debug|Any CPU.ActiveCfg = Debug|Any CPU
		{448B9D1E-8192-4543-B8D6-18611E451F59}.Debug|Any CPU.Build.0 = Debug|Any CPU
		{448B9D1E-8192-4543-B8D6-18611E451F59}.Release|Any CPU.ActiveCfg = Release|Any CPU
		{448B9D1E-8192-4543-B8D6-18611E451F59}.Release|Any CPU.Build.0 = Release|Any CPU
		{753C03B3-6F5D-4A13-B813-0183A9468892}.Debug|Any CPU.ActiveCfg = Debug|Any CPU
		{753C03B3-6F5D-4A13-B813-0183A9468892}.Debug|Any CPU.Build.0 = Debug|Any CPU
		{753C03B3-6F5D-4A13-B813-0183A9468892}.Release|Any CPU.ActiveCfg = Release|Any CPU
		{753C03B3-6F5D-4A13-B813-0183A9468892}.Release|Any CPU.Build.0 = Release|Any CPU
	EndGlobalSection
	GlobalSection(SolutionProperties) = preSolution
		HideSolutionNode = FALSE
	EndGlobalSection
	GlobalSection(ExtensibilityGlobals) = postSolution
		SolutionGuid = {A14896FC-9B43-497B-8D17-F9EEDD206C80}
	EndGlobalSection
EndGlobal
